
Microsoft Visual Studio Solution File, Format Version 12.00
# Visual Studio Version 17
VisualStudioVersion = 17.7.34221.43
MinimumVisualStudioVersion = 10.0.40219.1
Project("{9A19103F-16F7-4668-BE54-9A1E7A4F7556}") = "proyecto_finanzas.data", "proyecto_finanzas.data\proyecto_finanzas.data.csproj", "{2FFB1C84-4FD3-4D66-AFF1-B38F7E3B57A5}"
EndProject
Project("{9A19103F-16F7-4668-BE54-9A1E7A4F7556}") = "proyecto_finanzas", "proyecto_finanzas\proyecto_finanzas.csproj", "{8BE79729-19A0-4D0C-A5A2-A0B3A84A2EDF}"
EndProject
Global
	GlobalSection(SolutionConfigurationPlatforms) = preSolution
		Debug|Any CPU = Debug|Any CPU
		Release|Any CPU = Release|Any CPU
	EndGlobalSection
	GlobalSection(ProjectConfigurationPlatforms) = postSolution
		{2FFB1C84-4FD3-4D66-AFF1-B38F7E3B57A5}.Debug|Any CPU.ActiveCfg = Debug|Any CPU
		{2FFB1C84-4FD3-4D66-AFF1-B38F7E3B57A5}.Debug|Any CPU.Build.0 = Debug|Any CPU
		{2FFB1C84-4FD3-4D66-AFF1-B38F7E3B57A5}.Release|Any CPU.ActiveCfg = Release|Any CPU
		{2FFB1C84-4FD3-4D66-AFF1-B38F7E3B57A5}.Release|Any CPU.Build.0 = Release|Any CPU
		{8BE79729-19A0-4D0C-A5A2-A0B3A84A2EDF}.Debug|Any CPU.ActiveCfg = Debug|Any CPU
		{8BE79729-19A0-4D0C-A5A2-A0B3A84A2EDF}.Debug|Any CPU.Build.0 = Debug|Any CPU
		{8BE79729-19A0-4D0C-A5A2-A0B3A84A2EDF}.Release|Any CPU.ActiveCfg = Release|Any CPU
		{8BE79729-19A0-4D0C-A5A2-A0B3A84A2EDF}.Release|Any CPU.Build.0 = Release|Any CPU
	EndGlobalSection
	GlobalSection(SolutionProperties) = preSolution
		HideSolutionNode = FALSE
	EndGlobalSection
	GlobalSection(ExtensibilityGlobals) = postSolution
		SolutionGuid = {812A57A7-C95C-4577-BE22-B5839511B4CC}
	EndGlobalSection
EndGlobal
